// !$*UTF8*$!
{
	archiveVersion = 1;
	classes = {
	};
	objectVersion = 56;
	objects = {

/* Begin PBXBuildFile section */
		995ECA9D67C7081C18409C80 /* ImageTranslatorApp.swift in Sources */ = {isa = PBXBuildFile; fileRef = 273F5D931C85643C2585F5F0 /* ImageTranslatorApp.swift */; };
		D34E5C51FD08B4867938CDFB /* AppDelegate.swift in Sources */ = {isa = PBXBuildFile; fileRef = E9D1E91E9571F4425FFA6131 /* AppDelegate.swift */; };
		37C29FC9B5D8B993B05482E1 /* SettingsView.swift in Sources */ = {isa = PBXBuildFile; fileRef = EF27F21B073FAF95A31FFFCB /* SettingsView.swift */; };
		F8A22AE71B5DF2199FBB42F8 /* OCRProvider.swift in Sources */ = {isa = PBXBuildFile; fileRef = E1189632C5A61EAEA577DB54 /* OCRProvider.swift */; };
		1C19FF8BD5B62F474CF0CF3F /* VisionOCR.swift in Sources */ = {isa = PBXBuildFile; fileRef = 78396BA81AA639CB34741947 /* VisionOCR.swift */; };
		84FBCD476DF75097BBE3173D /* OCRTests.swift in Sources */ = {isa = PBXBuildFile; fileRef = CC9044B9DE285354E9743645 /* OCRTests.swift */; };
		67E6B7C404BB3DE8C82DBCC0 /* TranslationProvider.swift in Sources */ = {isa = PBXBuildFile; fileRef = B626319EB9D455225DFBD7FA /* TranslationProvider.swift */; };
		F78D3C67F6719D33743CD54B /* GoogleTranslator.swift in Sources */ = {isa = PBXBuildFile; fileRef = A8374D1ECEF61EC01C85CABC /* GoogleTranslator.swift */; };
		121B977A7ADAC3C209236CDD /* TranslatorFactory.swift in Sources */ = {isa = PBXBuildFile; fileRef = 5615B0E8741466E1C3DCE584 /* TranslatorFactory.swift */; };
		31DA1CCEF29BD1A62593456F /* MockTranslator.swift in Sources */ = {isa = PBXBuildFile; fileRef = E5944E55E928BDB999B6F53F /* MockTranslator.swift */; };
		D0D0D6BC78F51CC6D8CE6A93 /* AppleTranslator.swift in Sources */ = {isa = PBXBuildFile; fileRef = 700E9FC7C6930F3A2E8759F8 /* AppleTranslator.swift */; };
		731063CAB1B5CA540126CC30 /* TranslationTests.swift in Sources */ = {isa = PBXBuildFile; fileRef = B1294DF834A467CBA73A4A2E /* TranslationTests.swift */; };
		8DC967279E85636BF946D8C2 /* ImageUtils.swift in Sources */ = {isa = PBXBuildFile; fileRef = BDCD27AFEAF426E4A8CB858B /* ImageUtils.swift */; };
		796ADBA86437B8DD4DF489BB /* TranslationRenderer.swift in Sources */ = {isa = PBXBuildFile; fileRef = 12DE0B21AFDF1F6D14DF0AA0 /* TranslationRenderer.swift */; };
		F38DD31B4836CBDC9CC898E7 /* RendererTests.swift in Sources */ = {isa = PBXBuildFile; fileRef = 69C5298DB86F0A8AFD13C533 /* RendererTests.swift */; };
		6DA7E79D07AC3BDDB46EF533 /* ResultWindowManager.swift in Sources */ = {isa = PBXBuildFile; fileRef = DB0F3B04FF331713327042B3 /* ResultWindowManager.swift */; };
		025C198957CC61ABC4104C05 /* ConfigManager.swift in Sources */ = {isa = PBXBuildFile; fileRef = F3EA8275E6C200C3A30B9DA8 /* ConfigManager.swift */; };
		03608B38DD5A17E022541AA3 /* HotKeyManager.swift in Sources */ = {isa = PBXBuildFile; fileRef = 97872A7C6B61031A15E20704 /* HotKeyManager.swift */; };
		G1000001 /* MenuBarView.swift in Sources */ = {isa = PBXBuildFile; fileRef = G2000001 /* MenuBarView.swift */; };
		G1000002 /* CaptureOverlayView.swift in Sources */ = {isa = PBXBuildFile; fileRef = G2000002 /* CaptureOverlayView.swift */; };
		G1000003 /* ScreenCaptureManager.swift in Sources */ = {isa = PBXBuildFile; fileRef = G2000003 /* ScreenCaptureManager.swift */; };
/* End PBXBuildFile section */

/* Begin PBXContainerItemProxy section */
		DAB18E5697D8B296A1019D9A /* PBXContainerItemProxy */ = {
			isa = PBXContainerItemProxy;
			containerPortal = 3B9FFD31B0AB1A545DF1CF06 /* Project object */;
			proxyType = 1;
			remoteGlobalIDString = C8DA1D37B81822A317AAD27B;
			remoteInfo = ImageTranslator;
		};
/* End PBXContainerItemProxy section */

/* Begin PBXFileReference section */
		273F5D931C85643C2585F5F0 /* ImageTranslatorApp.swift */ = {isa = PBXFileReference; lastKnownFileType = sourcecode.swift; path = ImageTranslatorApp.swift; sourceTree = "<group>"; };
		E9D1E91E9571F4425FFA6131 /* AppDelegate.swift */ = {isa = PBXFileReference; lastKnownFileType = sourcecode.swift; path = AppDelegate.swift; sourceTree = "<group>"; };
		21D6EF6B1B43A4B62923E187 /* Info.plist */ = {isa = PBXFileReference; lastKnownFileType = text.plist.xml; path = Info.plist; sourceTree = "<group>"; };
		3660134B105EED7BA4A317C0 /* ImageTranslator.app */ = {isa = PBXFileReference; explicitFileType = wrapper.application; includeInIndex = 0; path = ImageTranslator.app; sourceTree = BUILT_PRODUCTS_DIR; };
		EF27F21B073FAF95A31FFFCB /* SettingsView.swift */ = {isa = PBXFileReference; lastKnownFileType = sourcecode.swift; path = SettingsView.swift; sourceTree = "<group>"; };
		E1189632C5A61EAEA577DB54 /* OCRProvider.swift */ = {isa = PBXFileReference; lastKnownFileType = sourcecode.swift; path = OCRProvider.swift; sourceTree = "<group>"; };
		78396BA81AA639CB34741947 /* VisionOCR.swift */ = {isa = PBXFileReference; lastKnownFileType = sourcecode.swift; path = VisionOCR.swift; sourceTree = "<group>"; };
		CC9044B9DE285354E9743645 /* OCRTests.swift */ = {isa = PBXFileReference; lastKnownFileType = sourcecode.swift; path = OCRTests.swift; sourceTree = "<group>"; };
		8CB808B2F738E9AD8AFAB1AC /* ImageTranslatorTests.xctest */ = {isa = PBXFileReference; explicitFileType = wrapper.cfbundle; includeInIndex = 0; path = ImageTranslatorTests.xctest; sourceTree = BUILT_PRODUCTS_DIR; };
		B626319EB9D455225DFBD7FA /* TranslationProvider.swift */ = {isa = PBXFileReference; lastKnownFileType = sourcecode.swift; path = TranslationProvider.swift; sourceTree = "<group>"; };
		A8374D1ECEF61EC01C85CABC /* GoogleTranslator.swift */ = {isa = PBXFileReference; lastKnownFileType = sourcecode.swift; path = GoogleTranslator.swift; sourceTree = "<group>"; };
		5615B0E8741466E1C3DCE584 /* TranslatorFactory.swift */ = {isa = PBXFileReference; lastKnownFileType = sourcecode.swift; path = TranslatorFactory.swift; sourceTree = "<group>"; };
		E5944E55E928BDB999B6F53F /* MockTranslator.swift */ = {isa = PBXFileReference; lastKnownFileType = sourcecode.swift; path = MockTranslator.swift; sourceTree = "<group>"; };
		700E9FC7C6930F3A2E8759F8 /* AppleTranslator.swift */ = {isa = PBXFileReference; lastKnownFileType = sourcecode.swift; path = AppleTranslator.swift; sourceTree = "<group>"; };
		B1294DF834A467CBA73A4A2E /* TranslationTests.swift */ = {isa = PBXFileReference; lastKnownFileType = sourcecode.swift; path = TranslationTests.swift; sourceTree = "<group>"; };
		BDCD27AFEAF426E4A8CB858B /* ImageUtils.swift */ = {isa = PBXFileReference; lastKnownFileType = sourcecode.swift; path = ImageUtils.swift; sourceTree = "<group>"; };
		12DE0B21AFDF1F6D14DF0AA0 /* TranslationRenderer.swift */ = {isa = PBXFileReference; lastKnownFileType = sourcecode.swift; path = TranslationRenderer.swift; sourceTree = "<group>"; };
		69C5298DB86F0A8AFD13C533 /* RendererTests.swift */ = {isa = PBXFileReference; lastKnownFileType = sourcecode.swift; path = RendererTests.swift; sourceTree = "<group>"; };
		DB0F3B04FF331713327042B3 /* ResultWindowManager.swift */ = {isa = PBXFileReference; lastKnownFileType = sourcecode.swift; path = ResultWindowManager.swift; sourceTree = "<group>"; };
		F3EA8275E6C200C3A30B9DA8 /* ConfigManager.swift */ = {isa = PBXFileReference; lastKnownFileType = sourcecode.swift; path = ConfigManager.swift; sourceTree = "<group>"; };
		97872A7C6B61031A15E20704 /* HotKeyManager.swift */ = {isa = PBXFileReference; lastKnownFileType = sourcecode.swift; path = HotKeyManager.swift; sourceTree = "<group>"; };
		G2000001 /* MenuBarView.swift */ = {isa = PBXFileReference; lastKnownFileType = sourcecode.swift; path = MenuBarView.swift; sourceTree = "<group>"; };
		G2000002 /* CaptureOverlayView.swift */ = {isa = PBXFileReference; lastKnownFileType = sourcecode.swift; path = CaptureOverlayView.swift; sourceTree = "<group>"; };
		G2000003 /* ScreenCaptureManager.swift */ = {isa = PBXFileReference; lastKnownFileType = sourcecode.swift; path = ScreenCaptureManager.swift; sourceTree = "<group>"; };
/* End PBXFileReference section */

/* Begin PBXFrameworksBuildPhase section */
		1C03453F6ABFAFCD02AC0AB3 /* Frameworks */ = {
			isa = PBXFrameworksBuildPhase;
			buildActionMask = 2147483647;
			files = (
			);
			runOnlyForDeploymentPostprocessing = 0;
		};
		7CD8D02D71ADF559B9B62755 /* Frameworks */ = {
			isa = PBXFrameworksBuildPhase;
			buildActionMask = 2147483647;
			files = (
			);
			runOnlyForDeploymentPostprocessing = 0;
		};
/* End PBXFrameworksBuildPhase section */

/* Begin PBXGroup section */
		9A821F0442FF6DAAE360AF89 = {
			isa = PBXGroup;
			children = (
				7616987C4AC89389B2E41F5F /* ImageTranslator */,
				657FE565FA8C9849E2D195F9 /* ImageTranslatorTests */,
				163B1F5C52E27D1387225A1A /* Products */,
			);
			sourceTree = "<group>";
		};
		7616987C4AC89389B2E41F5F /* ImageTranslator */ = {
			isa = PBXGroup;
			children = (
				273F5D931C85643C2585F5F0 /* ImageTranslatorApp.swift */,
				BDB6DBFB16FAEF8A4C357B99 /* App */,
				439E5CAEFC715C83E88A452C /* Modules */,
				E2AFE908B2DD9BE50D8B082D /* Services */,
				0AB68E52A6546517C5E21F88 /* Utils */,
				229C0D8CC49C9EC25A34ECAD /* Resources */,
			);
			path = ImageTranslator;
			sourceTree = "<group>";
		};
		BDB6DBFB16FAEF8A4C357B99 /* App */ = {
			isa = PBXGroup;
			children = (
				E9D1E91E9571F4425FFA6131 /* AppDelegate.swift */,
				273F5D931C85643C2585F5F0 /* ImageTranslatorApp.swift */,
				G2000001 /* MenuBarView.swift */,
				EF27F21B073FAF95A31FFFCB /* SettingsView.swift */,
			);
			path = App;
			sourceTree = "<group>";
		};
		229C0D8CC49C9EC25A34ECAD /* Resources */ = {
			isa = PBXGroup;
			children = (
				21D6EF6B1B43A4B62923E187 /* Info.plist */,
			);
			path = Resources;
			sourceTree = "<group>";
		};
		163B1F5C52E27D1387225A1A /* Products */ = {
			isa = PBXGroup;
			children = (
				3660134B105EED7BA4A317C0 /* ImageTranslator.app */,
				8CB808B2F738E9AD8AFAB1AC /* ImageTranslatorTests.xctest */,
			);
			name = Products;
			sourceTree = "<group>";
		};
		439E5CAEFC715C83E88A452C /* Modules */ = {
			isa = PBXGroup;
			children = (
				5926F32CF1AF5AB36A59F0D2 /* Capture */,
				5FC5AB1E982015E43777C4D8 /* OCR */,
				35144F781FE266ECCC617D50 /* Translation */,
				93975BA2630B81FD1CF94CA3 /* Renderer */,
			);
			path = Modules;
			sourceTree = "<group>";
		};
		5FC5AB1E982015E43777C4D8 /* OCR */ = {
			isa = PBXGroup;
			children = (
				E1189632C5A61EAEA577DB54 /* OCRProvider.swift */,
				78396BA81AA639CB34741947 /* VisionOCR.swift */,
			);
			path = OCR;
			sourceTree = "<group>";
		};
		35144F781FE266ECCC617D50 /* Translation */ = {
			isa = PBXGroup;
			children = (
				B626319EB9D455225DFBD7FA /* TranslationProvider.swift */,
				A8374D1ECEF61EC01C85CABC /* GoogleTranslator.swift */,
				5615B0E8741466E1C3DCE584 /* TranslatorFactory.swift */,
				E5944E55E928BDB999B6F53F /* MockTranslator.swift */,
				700E9FC7C6930F3A2E8759F8 /* AppleTranslator.swift */,
			);
			path = Translation;
			sourceTree = "<group>";
		};
		5926F32CF1AF5AB36A59F0D2 /* Capture */ = {
			isa = PBXGroup;
			children = (
				G2000002 /* CaptureOverlayView.swift */,
				G2000003 /* ScreenCaptureManager.swift */,
			);
			path = Capture;
			sourceTree = "<group>";
		};
		657FE565FA8C9849E2D195F9 /* ImageTranslatorTests */ = {
			isa = PBXGroup;
			children = (
				CC9044B9DE285354E9743645 /* OCRTests.swift */,
				B1294DF834A467CBA73A4A2E /* TranslationTests.swift */,
				69C5298DB86F0A8AFD13C533 /* RendererTests.swift */,
			);
			path = ImageTranslatorTests;
			sourceTree = "<group>";
		};
		0AB68E52A6546517C5E21F88 /* Utils */ = {
			isa = PBXGroup;
			children = (
				BDCD27AFEAF426E4A8CB858B /* ImageUtils.swift */,
			);
			path = Utils;
			sourceTree = "<group>";
		};
		93975BA2630B81FD1CF94CA3 /* Renderer */ = {
			isa = PBXGroup;
			children = (
				12DE0B21AFDF1F6D14DF0AA0 /* TranslationRenderer.swift */,
				DB0F3B04FF331713327042B3 /* ResultWindowManager.swift */,
			);
			path = Renderer;
			sourceTree = "<group>";
		};
		E2AFE908B2DD9BE50D8B082D /* Services */ = {
			isa = PBXGroup;
			children = (
				F3EA8275E6C200C3A30B9DA8 /* ConfigManager.swift */,
				97872A7C6B61031A15E20704 /* HotKeyManager.swift */,
			);
			path = Services;
			sourceTree = "<group>";
		};
/* End PBXGroup section */

/* Begin PBXNativeTarget section */
		C8DA1D37B81822A317AAD27B /* ImageTranslator */ = {
			isa = PBXNativeTarget;
			buildConfigurationList = E0687F4FDC6B7A27F3E94000 /* Build configuration list for PBXNativeTarget "ImageTranslator" */;
			buildPhases = (
				6537228C5447F8CAD292A647 /* Sources */,
				1C03453F6ABFAFCD02AC0AB3 /* Frameworks */,
				C841F98E7C1E861048CB5D2D /* Resources */,
			);
			buildRules = (
			);
			dependencies = (
			);
			name = ImageTranslator;
			productName = ImageTranslator;
			productReference = 3660134B105EED7BA4A317C0 /* ImageTranslator.app */;
			productType = "com.apple.product-type.application";
		};
		43D441CFA56A5746292D3180 /* ImageTranslatorTests */ = {
			isa = PBXNativeTarget;
			buildConfigurationList = D95EB0752303824D6471AF15 /* Build configuration list for PBXNativeTarget "ImageTranslatorTests" */;
			buildPhases = (
				32619A08EF018B16796270F5 /* Sources */,
				7CD8D02D71ADF559B9B62755 /* Frameworks */,
				06225C0ED62C2A5BF2EB1B4E /* Resources */,
			);
			buildRules = (
			);
			dependencies = (
				5E315612AB9A69891FB7E13A /* PBXTargetDependency */,
			);
			name = ImageTranslatorTests;
			productName = ImageTranslatorTests;
			productReference = 8CB808B2F738E9AD8AFAB1AC /* ImageTranslatorTests.xctest */;
			productType = "com.apple.product-type.bundle.unit-test";
		};
/* End PBXNativeTarget section */

/* Begin PBXProject section */
		3B9FFD31B0AB1A545DF1CF06 /* Project object */ = {
			isa = PBXProject;
			attributes = {
				BuildIndependentTargetsInParallel = 1;
				LastSwiftUpdateCheck = 1500;
				LastUpgradeCheck = 2650;
				TargetAttributes = {
					C8DA1D37B81822A317AAD27B = {
						CreatedOnToolsVersion = 15.0;
					};
					43D441CFA56A5746292D3180 = {
						CreatedOnToolsVersion = 15.0;
						TestTargetID = C8DA1D37B81822A317AAD27B;
					};
				};
			};
			buildConfigurationList = 959C91DFA87C861B0CAC52D1 /* Build configuration list for PBXProject "ImageTranslator" */;
			compatibilityVersion = "Xcode 14.0";
			developmentRegion = en;
			hasScannedForEncodings = 0;
			knownRegions = (
				en,
				Base,
			);
			mainGroup = 9A821F0442FF6DAAE360AF89;
			productRefGroup = 163B1F5C52E27D1387225A1A /* Products */;
			projectDirPath = "";
			projectRoot = "";
			targets = (
				C8DA1D37B81822A317AAD27B /* ImageTranslator */,
				43D441CFA56A5746292D3180 /* ImageTranslatorTests */,
			);
		};
/* End PBXProject section */

/* Begin PBXResourcesBuildPhase section */
		C841F98E7C1E861048CB5D2D /* Resources */ = {
			isa = PBXResourcesBuildPhase;
			buildActionMask = 2147483647;
			files = (
			);
			runOnlyForDeploymentPostprocessing = 0;
		};
		06225C0ED62C2A5BF2EB1B4E /* Resources */ = {
			isa = PBXResourcesBuildPhase;
			buildActionMask = 2147483647;
			files = (
			);
			runOnlyForDeploymentPostprocessing = 0;
		};
/* End PBXResourcesBuildPhase section */

/* Begin PBXSourcesBuildPhase section */
		6537228C5447F8CAD292A647 /* Sources */ = {
			isa = PBXSourcesBuildPhase;
			buildActionMask = 2147483647;
			files = (
				995ECA9D67C7081C18409C80 /* ImageTranslatorApp.swift in Sources */,
				D34E5C51FD08B4867938CDFB /* AppDelegate.swift in Sources */,
				G1000001 /* MenuBarView.swift in Sources */,
				G1000002 /* CaptureOverlayView.swift in Sources */,
				G1000003 /* ScreenCaptureManager.swift in Sources */,
				F8A22AE71B5DF2199FBB42F8 /* OCRProvider.swift in Sources */,
				1C19FF8BD5B62F474CF0CF3F /* VisionOCR.swift in Sources */,
				67E6B7C404BB3DE8C82DBCC0 /* TranslationProvider.swift in Sources */,
				F78D3C67F6719D33743CD54B /* GoogleTranslator.swift in Sources */,
				121B977A7ADAC3C209236CDD /* TranslatorFactory.swift in Sources */,
				31DA1CCEF29BD1A62593456F /* MockTranslator.swift in Sources */,
				D0D0D6BC78F51CC6D8CE6A93 /* AppleTranslator.swift in Sources */,
				8DC967279E85636BF946D8C2 /* ImageUtils.swift in Sources */,
				796ADBA86437B8DD4DF489BB /* TranslationRenderer.swift in Sources */,
				6DA7E79D07AC3BDDB46EF533 /* ResultWindowManager.swift in Sources */,
				025C198957CC61ABC4104C05 /* ConfigManager.swift in Sources */,
				03608B38DD5A17E022541AA3 /* HotKeyManager.swift in Sources */,
				37C29FC9B5D8B993B05482E1 /* SettingsView.swift in Sources */,
			);
			runOnlyForDeploymentPostprocessing = 0;
		};
		32619A08EF018B16796270F5 /* Sources */ = {
			isa = PBXSourcesBuildPhase;
			buildActionMask = 2147483647;
			files = (
				84FBCD476DF75097BBE3173D /* OCRTests.swift in Sources */,
				731063CAB1B5CA540126CC30 /* TranslationTests.swift in Sources */,
				F38DD31B4836CBDC9CC898E7 /* RendererTests.swift in Sources */,
			);
			runOnlyForDeploymentPostprocessing = 0;
		};
/* End PBXSourcesBuildPhase section */

/* Begin PBXTargetDependency section */
		5E315612AB9A69891FB7E13A /* PBXTargetDependency */ = {
			isa = PBXTargetDependency;
			target = C8DA1D37B81822A317AAD27B /* ImageTranslator */;
			targetProxy = DAB18E5697D8B296A1019D9A /* PBXContainerItemProxy */;
		};
/* End PBXTargetDependency section */

/* Begin XCBuildConfiguration section */
		BB5F23242458B4D2B15AEF17 /* Debug */ = {
			isa = XCBuildConfiguration;
			buildSettings = {
				ALWAYS_SEARCH_USER_PATHS = NO;
				CLANG_ANALYZER_NONNULL = YES;
				CLANG_ANALYZER_NUMBER_OBJECT_CONVERSION = YES_AGGRESSIVE;
				CLANG_CXX_LANGUAGE_STANDARD = "gnu++20";
				CLANG_ENABLE_MODULES = YES;
				CLANG_ENABLE_OBJC_ARC = YES;
				CLANG_ENABLE_OBJC_WEAK = YES;
				CLANG_WARN_BLOCK_CAPTURE_AUTORELEASING = YES;
				CLANG_WARN_BOOL_CONVERSION = YES;
				CLANG_WARN_COMMA = YES;
				CLANG_WARN_CONSTANT_CONVERSION = YES;
				CLANG_WARN_DEPRECATED_OBJC_IMPLEMENTATIONS = YES;
				CLANG_WARN_DIRECT_OBJC_ISA_USAGE = YES_ERROR;
				CLANG_WARN_DOCUMENTATION_COMMENTS = YES;
				CLANG_WARN_EMPTY_BODY = YES;
				CLANG_WARN_ENUM_CONVERSION = YES;
				CLANG_WARN_INFINITE_RECURSION = YES;
				CLANG_WARN_INT_CONVERSION = YES;
				CLANG_WARN_NON_LITERAL_NULL_CONVERSION = YES;
				CLANG_WARN_OBJC_IMPLICIT_RETAIN_SELF = YES;
				CLANG_WARN_OBJC_LITERAL_CONVERSION = YES;
				CLANG_WARN_OBJC_ROOT_CLASS = YES_ERROR;
				CLANG_WARN_QUOTED_INCLUDE_IN_FRAMEWORK_HEADER = YES;
				CLANG_WARN_RANGE_LOOP_ANALYSIS = YES;
				CLANG_WARN_STRICT_PROTOTYPES = YES;
				CLANG_WARN_SUSPICIOUS_MOVE = YES;
				CLANG_WARN_UNGUARDED_AVAILABILITY = YES_AGGRESSIVE;
				CLANG_WARN_UNREACHABLE_CODE = YES;
				CLANG_WARN__DUPLICATE_METHOD_MATCH = YES;
				COPY_PHASE_STRIP = NO;
				DEAD_CODE_STRIPPING = YES;
				DEBUG_INFORMATION_FORMAT = dwarf;
				ENABLE_STRICT_OBJC_MSGSEND = YES;
				ENABLE_TESTABILITY = YES;
				ENABLE_USER_SCRIPT_SANDBOXING = YES;
				GCC_C_LANGUAGE_STANDARD = gnu17;
				GCC_DYNAMIC_NO_PIC = NO;
				GCC_NO_COMMON_BLOCKS = YES;
				GCC_OPTIMIZATION_LEVEL = 0;
				GCC_PREPROCESSOR_DEFINITIONS = (
					"DEBUG=1",
					"$(inherited)",
				);
				GCC_WARN_64_TO_32_BIT_CONVERSION = YES;
				GCC_WARN_ABOUT_RETURN_TYPE = YES_ERROR;
				GCC_WARN_UNDECLARED_SELECTOR = YES;
				GCC_WARN_UNINITIALIZED_AUTOS = YES_AGGRESSIVE;
				GCC_WARN_UNUSED_FUNCTION = YES;
				GCC_WARN_UNUSED_VARIABLE = YES;
				MACOSX_DEPLOYMENT_TARGET = 26.0;
				MTL_ENABLE_DEBUG_INFO = INCLUDE_SOURCE;
				MTL_FAST_MATH = YES;
				ONLY_ACTIVE_ARCH = YES;
				SDKROOT = macosx;
				STRING_CATALOG_GENERATE_SYMBOLS = YES;
				SWIFT_ACTIVE_COMPILATION_CONDITIONS = "DEBUG $(inherited)";
				SWIFT_OPTIMIZATION_LEVEL = "-Onone";
			};
			name = Debug;
		};
		27FF487EB3378EA70CE87FEE /* Release */ = {
			isa = XCBuildConfiguration;
			buildSettings = {
				ALWAYS_SEARCH_USER_PATHS = NO;
				CLANG_ANALYZER_NONNULL = YES;
				CLANG_ANALYZER_NUMBER_OBJECT_CONVERSION = YES_AGGRESSIVE;
				CLANG_CXX_LANGUAGE_STANDARD = "gnu++20";
				CLANG_ENABLE_MODULES = YES;
				CLANG_ENABLE_OBJC_ARC = YES;
				CLANG_ENABLE_OBJC_WEAK = YES;
				CLANG_WARN_BLOCK_CAPTURE_AUTORELEASING = YES;
				CLANG_WARN_BOOL_CONVERSION = YES;
				CLANG_WARN_COMMA = YES;
				CLANG_WARN_CONSTANT_CONVERSION = YES;
				CLANG_WARN_DEPRECATED_OBJC_IMPLEMENTATIONS = YES;
				CLANG_WARN_DIRECT_OBJC_ISA_USAGE = YES_ERROR;
				CLANG_WARN_DOCUMENTATION_COMMENTS = YES;
				CLANG_WARN_EMPTY_BODY = YES;
				CLANG_WARN_ENUM_CONVERSION = YES;
				CLANG_WARN_INFINITE_RECURSION = YES;
				CLANG_WARN_INT_CONVERSION = YES;
				CLANG_WARN_NON_LITERAL_NULL_CONVERSION = YES;
				CLANG_WARN_OBJC_IMPLICIT_RETAIN_SELF = YES;
				CLANG_WARN_OBJC_LITERAL_CONVERSION = YES;
				CLANG_WARN_OBJC_ROOT_CLASS = YES_ERROR;
				CLANG_WARN_QUOTED_INCLUDE_IN_FRAMEWORK_HEADER = YES;
				CLANG_WARN_RANGE_LOOP_ANALYSIS = YES;
				CLANG_WARN_STRICT_PROTOTYPES = YES;
				CLANG_WARN_SUSPICIOUS_MOVE = YES;
				CLANG_WARN_UNGUARDED_AVAILABILITY = YES_AGGRESSIVE;
				CLANG_WARN_UNREACHABLE_CODE = YES;
				CLANG_WARN__DUPLICATE_METHOD_MATCH = YES;
				COPY_PHASE_STRIP = NO;
				DEAD_CODE_STRIPPING = YES;
				DEBUG_INFORMATION_FORMAT = "dwarf-with-dsym";
				ENABLE_NS_ASSERTIONS = NO;
				ENABLE_STRICT_OBJC_MSGSEND = YES;
				ENABLE_USER_SCRIPT_SANDBOXING = YES;
				GCC_C_LANGUAGE_STANDARD = gnu17;
				GCC_NO_COMMON_BLOCKS = YES;
				GCC_WARN_64_TO_32_BIT_CONVERSION = YES;
				GCC_WARN_ABOUT_RETURN_TYPE = YES_ERROR;
				GCC_WARN_UNDECLARED_SELECTOR = YES;
				GCC_WARN_UNINITIALIZED_AUTOS = YES_AGGRESSIVE;
				GCC_WARN_UNUSED_FUNCTION = YES;
				GCC_WARN_UNUSED_VARIABLE = YES;
				MACOSX_DEPLOYMENT_TARGET = 26.0;
				MTL_FAST_MATH = YES;
				SDKROOT = macosx;
				STRING_CATALOG_GENERATE_SYMBOLS = YES;
				SWIFT_COMPILATION_MODE = wholemodule;
			};
			name = Release;
		};
		90E068FB5CACA642B5C8547C /* Debug */ = {
			isa = XCBuildConfiguration;
			buildSettings = {
				ASSETCATALOG_COMPILER_APPICON_NAME = AppIcon;
				CODE_SIGN_ENTITLEMENTS = "";
				CODE_SIGN_STYLE = Automatic;
				COMBINE_HIDPI_IMAGES = YES;
				CURRENT_PROJECT_VERSION = 1;
				DEAD_CODE_STRIPPING = YES;
				DEVELOPMENT_TEAM = C3HFN9N4Z4;
				GENERATE_INFOPLIST_FILE = NO;
				INFOPLIST_FILE = ImageTranslator/Resources/Info.plist;
				INFOPLIST_KEY_LSUIElement = YES;
				INFOPLIST_KEY_NSHumanReadableCopyright = "";
				INFOPLIST_KEY_NSMainStoryboardFile = "";
				LD_RUNPATH_SEARCH_PATHS = (
					"$(inherited)",
					"@executable_path/../Frameworks",
				);
				MARKETING_VERSION = 1.0;
				PRODUCT_BUNDLE_IDENTIFIER = com.mimo.imagetranslator;
				PRODUCT_NAME = "$(TARGET_NAME)";
				SWIFT_EMIT_LOC_STRINGS = YES;
				SWIFT_VERSION = 5.0;
			};
			name = Debug;
		};
		9C19A15ACB5AC3BCE2460F61 /* Release */ = {
			isa = XCBuildConfiguration;
			buildSettings = {
				ASSETCATALOG_COMPILER_APPICON_NAME = AppIcon;
				CODE_SIGN_ENTITLEMENTS = "";
				CODE_SIGN_STYLE = Automatic;
				COMBINE_HIDPI_IMAGES = YES;
				CURRENT_PROJECT_VERSION = 1;
				DEAD_CODE_STRIPPING = YES;
				DEVELOPMENT_TEAM = C3HFN9N4Z4;
				GENERATE_INFOPLIST_FILE = NO;
				INFOPLIST_FILE = ImageTranslator/Resources/Info.plist;
				INFOPLIST_KEY_LSUIElement = YES;
				INFOPLIST_KEY_NSHumanReadableCopyright = "";
				INFOPLIST_KEY_NSMainStoryboardFile = "";
				LD_RUNPATH_SEARCH_PATHS = (
					"$(inherited)",
					"@executable_path/../Frameworks",
				);
				MARKETING_VERSION = 1.0;
				PRODUCT_BUNDLE_IDENTIFIER = com.mimo.imagetranslator;
				PRODUCT_NAME = "$(TARGET_NAME)";
				SWIFT_EMIT_LOC_STRINGS = YES;
				SWIFT_VERSION = 5.0;
			};
			name = Release;
		};
		A2D32681B786B3399F2CE336 /* Debug */ = {
			isa = XCBuildConfiguration;
			buildSettings = {
				BUNDLE_LOADER = "$(TEST_HOST)";
				CODE_SIGN_STYLE = Automatic;
				COMBINE_HIDPI_IMAGES = YES;
				CURRENT_PROJECT_VERSION = 1;
				DEAD_CODE_STRIPPING = YES;
				GENERATE_INFOPLIST_FILE = YES;
				MARKETING_VERSION = 1.0;
				PRODUCT_BUNDLE_IDENTIFIER = com.mimo.imagetranslatortests;
				PRODUCT_NAME = "$(TARGET_NAME)";
				SWIFT_EMIT_LOC_STRINGS = NO;
				SWIFT_VERSION = 5.0;
				TEST_HOST = "$(BUILT_PRODUCTS_DIR)/ImageTranslator.app/Contents/MacOS/ImageTranslator";
			};
			name = Debug;
		};
		4A34D952CC5046082AE1E04E /* Release */ = {
			isa = XCBuildConfiguration;
			buildSettings = {
				BUNDLE_LOADER = "$(TEST_HOST)";
				CODE_SIGN_STYLE = Automatic;
				COMBINE_HIDPI_IMAGES = YES;
				CURRENT_PROJECT_VERSION = 1;
				DEAD_CODE_STRIPPING = YES;
				GENERATE_INFOPLIST_FILE = YES;
				MARKETING_VERSION = 1.0;
				PRODUCT_BUNDLE_IDENTIFIER = com.mimo.imagetranslatortests;
				PRODUCT_NAME = "$(TARGET_NAME)";
				SWIFT_EMIT_LOC_STRINGS = NO;
				SWIFT_VERSION = 5.0;
				TEST_HOST = "$(BUILT_PRODUCTS_DIR)/ImageTranslator.app/Contents/MacOS/ImageTranslator";
			};
			name = Release;
		};
/* End XCBuildConfiguration section */

/* Begin XCConfigurationList section */
		959C91DFA87C861B0CAC52D1 /* Build configuration list for PBXProject "ImageTranslator" */ = {
			isa = XCConfigurationList;
			buildConfigurations = (
				BB5F23242458B4D2B15AEF17 /* Debug */,
				27FF487EB3378EA70CE87FEE /* Release */,
			);
			defaultConfigurationIsVisible = 0;
			defaultConfigurationName = Release;
		};
		E0687F4FDC6B7A27F3E94000 /* Build configuration list for PBXNativeTarget "ImageTranslator" */ = {
			isa = XCConfigurationList;
			buildConfigurations = (
				90E068FB5CACA642B5C8547C /* Debug */,
				9C19A15ACB5AC3BCE2460F61 /* Release */,
			);
			defaultConfigurationIsVisible = 0;
			defaultConfigurationName = Release;
		};
		D95EB0752303824D6471AF15 /* Build configuration list for PBXNativeTarget "ImageTranslatorTests" */ = {
			isa = XCConfigurationList;
			buildConfigurations = (
				A2D32681B786B3399F2CE336 /* Debug */,
				4A34D952CC5046082AE1E04E /* Release */,
			);
			defaultConfigurationIsVisible = 0;
			defaultConfigurationName = Release;
		};
/* End XCConfigurationList section */
	};
	rootObject = 3B9FFD31B0AB1A545DF1CF06 /* Project object */;
}
